
Microsoft Visual Studio Solution File, Format Version 12.00
# Visual Studio Version 17
VisualStudioVersion = 17.6.33723.286
MinimumVisualStudioVersion = 10.0.40219.1
Project("{FAE04EC0-301F-11D3-BF4B-00C04F79EFBC}") = "WuZi", "WuZi\WuZi.csproj", "{9874CEEC-A549-4024-9C88-A9CF656CED2D}"
EndProject
Global
	GlobalSection(SolutionConfigurationPlatforms) = preSolution
		Debug|Any CPU = Debug|Any CPU
		Release|Any CPU = Release|Any CPU
	EndGlobalSection
	GlobalSection(ProjectConfigurationPlatforms) = postSolution
		{9874CEEC-A549-4024-9C88-A9CF656CED2D}.Debug|Any CPU.ActiveCfg = Debug|Any CPU
		{9874CEEC-A549-4024-9C88-A9CF656CED2D}.Debug|Any CPU.Build.0 = Debug|Any CPU
		{9874CEEC-A549-4024-9C88-A9CF656CED2D}.Release|Any CPU.ActiveCfg = Release|Any CPU
		{9874CEEC-A549-4024-9C88-A9CF656CED2D}.Release|Any CPU.Build.0 = Release|Any CPU
	EndGlobalSection
	GlobalSection(SolutionProperties) = preSolution
		HideSolutionNode = FALSE
	EndGlobalSection
	GlobalSection(ExtensibilityGlobals) = postSolution
		SolutionGuid = {FE922B9D-BF09-4C1C-9971-BC2DB1B172FD}
	EndGlobalSection
EndGlobal
